
Microsoft Visual Studio Solution File, Format Version 12.00
# Visual Studio Version 17
VisualStudioVersion = 17.6.33829.357
MinimumVisualStudioVersion = 10.0.40219.1
Project("{2150E333-8FDC-42A3-9474-1A3956D46DE8}") = "lib", "lib", "{91FBA465-2D2E-410A-8F9C-FF475B72F204}"
EndProject
Project("{9A19103F-16F7-4668-BE54-9A1E7A4F7556}") = "iTin.Core.Interop.Shared", "src\iTin.Core.Interop.Shared.csproj", "{D23D214C-A590-483B-897F-BF01C5297CB2}"
EndProject
Project("{2150E333-8FDC-42A3-9474-1A3956D46DE8}") = "iTin.Core", "iTin.Core", "{464E9C0E-67DF-487C-81D1-EDD99F238C65}"
EndProject
Project("{9A19103F-16F7-4668-BE54-9A1E7A4F7556}") = "iTin.Core", "..\..\iTin.Core\src\iTin.Core.csproj", "{2C745AA8-4B97-487B-ABF8-9C0CC5CFD66A}"
EndProject
Global
	GlobalSection(SolutionConfigurationPlatforms) = preSolution
		Debug|Any CPU = Debug|Any CPU
		Release|Any CPU = Release|Any CPU
	EndGlobalSection
	GlobalSection(ProjectConfigurationPlatforms) = postSolution
		{D23D214C-A590-483B-897F-BF01C5297CB2}.Debug|Any CPU.ActiveCfg = Debug|Any CPU
		{D23D214C-A590-483B-897F-BF01C5297CB2}.Debug|Any CPU.Build.0 = Debug|Any CPU
		{D23D214C-A590-483B-897F-BF01C5297CB2}.Release|Any CPU.ActiveCfg = Release|Any CPU
		{D23D214C-A590-483B-897F-BF01C5297CB2}.Release|Any CPU.Build.0 = Release|Any CPU
		{2C745AA8-4B97-487B-ABF8-9C0CC5CFD66A}.Debug|Any CPU.ActiveCfg = Debug|Any CPU
		{2C745AA8-4B97-487B-ABF8-9C0CC5CFD66A}.Debug|Any CPU.Build.0 = Debug|Any CPU
		{2C745AA8-4B97-487B-ABF8-9C0CC5CFD66A}.Release|Any CPU.ActiveCfg = Release|Any CPU
		{2C745AA8-4B97-487B-ABF8-9C0CC5CFD66A}.Release|Any CPU.Build.0 = Release|Any CPU
	EndGlobalSection
	GlobalSection(SolutionProperties) = preSolution
		HideSolutionNode = FALSE
	EndGlobalSection
	GlobalSection(NestedProjects) = preSolution
		{464E9C0E-67DF-487C-81D1-EDD99F238C65} = {91FBA465-2D2E-410A-8F9C-FF475B72F204}
		{2C745AA8-4B97-487B-ABF8-9C0CC5CFD66A} = {464E9C0E-67DF-487C-81D1-EDD99F238C65}
	EndGlobalSection
	GlobalSection(ExtensibilityGlobals) = postSolution
		SolutionGuid = {98742FC0-CFC6-4E9E-95F2-F5A395B71216}
	EndGlobalSection
EndGlobal
